# THIS IS AN AUTOGENERATED FILE. DO NOT EDIT THIS FILE DIRECTLY.
# yarn lockfile v1


fastest-validator@^1.17.0:
  version "1.17.0"
  resolved "https://registry.yarnpkg.com/fastest-validator/-/fastest-validator-1.17.0.tgz#0c032e9c42c40a237d24b20be187f732ebdcc062"
  integrity sha512-37U/JDP72QSFqcvNnO81f0Aeu9og+5I3mc55b2v2RbV0S2I7KvQEdBtrFeIvaYVgam1bDUgy9F9AK9HolByogA==
